// !$*UTF8*$!
{
	archiveVersion = 1;
	classes = {
	};
	objectVersion = 56;
	objects = {

/* Begin PBXBuildFile section */
		BA6B62022C80D22B001EB50E /* FirebaseBasicsApp.swift in Sources */ = {isa = PBXBuildFile; fileRef = BA6B62012C80D22B001EB50E /* FirebaseBasicsApp.swift */; };
		BA6B62042C80D22B001EB50E /* ContentView.swift in Sources */ = {isa = PBXBuildFile; fileRef = BA6B62032C80D22B001EB50E /* ContentView.swift */; };
		BA6B62062C80D22C001EB50E /* Assets.xcassets in Resources */ = {isa = PBXBuildFile; fileRef = BA6B62052C80D22C001EB50E /* Assets.xcassets */; };
		BA6B62092C80D22C001EB50E /* Preview Assets.xcassets in Resources */ = {isa = PBXBuildFile; fileRef = BA6B62082C80D22C001EB50E /* Preview Assets.xcassets */; };
		BA6B62132C80D22C001EB50E /* FirebaseBasicsTests.swift in Sources */ = {isa = PBXBuildFile; fileRef = BA6B62122C80D22C001EB50E /* FirebaseBasicsTests.swift */; };
		BA6B621D2C80D22C001EB50E /* FirebaseBasicsUITests.swift in Sources */ = {isa = PBXBuildFile; fileRef = BA6B621C2C80D22C001EB50E /* FirebaseBasicsUITests.swift */; };
		BA6B621F2C80D22C001EB50E /* FirebaseBasicsUITestsLaunchTests.swift in Sources */ = {isa = PBXBuildFile; fileRef = BA6B621E2C80D22C001EB50E /* FirebaseBasicsUITestsLaunchTests.swift */; };
		BA6B622C2C80D4E1001EB50E /* GoogleService-Info.plist in Resources */ = {isa = PBXBuildFile; fileRef = BA6B622B2C80D4E1001EB50E /* GoogleService-Info.plist */; };
		BA6B622F2C80D542001EB50E /* FirebaseAnalytics in Frameworks */ = {isa = PBXBuildFile; productRef = BA6B622E2C80D542001EB50E /* FirebaseAnalytics */; };
		BA6B62312C80D542001EB50E /* FirebaseAuth in Frameworks */ = {isa = PBXBuildFile; productRef = BA6B62302C80D542001EB50E /* FirebaseAuth */; };
		BA6B62332C80D542001EB50E /* FirebaseCrashlytics in Frameworks */ = {isa = PBXBuildFile; productRef = BA6B62322C80D542001EB50E /* FirebaseCrashlytics */; };
		BA6B62352C80D542001EB50E /* FirebaseDatabase in Frameworks */ = {isa = PBXBuildFile; productRef = BA6B62342C80D542001EB50E /* FirebaseDatabase */; };
		BA6B62372C80D542001EB50E /* FirebaseFirestore in Frameworks */ = {isa = PBXBuildFile; productRef = BA6B62362C80D542001EB50E /* FirebaseFirestore */; };
		BA6B62392C80D542001EB50E /* FirebaseStorage in Frameworks */ = {isa = PBXBuildFile; productRef = BA6B62382C80D542001EB50E /* FirebaseStorage */; };
		BA6B623C2C80D5D1001EB50E /* FirestoreView.swift in Sources */ = {isa = PBXBuildFile; fileRef = BA6B623B2C80D5D1001EB50E /* FirestoreView.swift */; };
		BA6B623E2C80D5E9001EB50E /* ExampleModel.swift in Sources */ = {isa = PBXBuildFile; fileRef = BA6B623D2C80D5E9001EB50E /* ExampleModel.swift */; };
		BA6B62402C80D5FA001EB50E /* FirestoreViewModel.swift in Sources */ = {isa = PBXBuildFile; fileRef = BA6B623F2C80D5FA001EB50E /* FirestoreViewModel.swift */; };
		BA78F5B52C83A4BA001112F3 /* CollectionView.swift in Sources */ = {isa = PBXBuildFile; fileRef = BA78F5B42C83A4BA001112F3 /* CollectionView.swift */; };
		BA78F5BB2C83C324001112F3 /* ScrollViewModifiers.swift in Sources */ = {isa = PBXBuildFile; fileRef = BA78F5BA2C83C324001112F3 /* ScrollViewModifiers.swift */; };
/* End PBXBuildFile section */

/* Begin PBXContainerItemProxy section */
		BA6B620F2C80D22C001EB50E /* PBXContainerItemProxy */ = {
			isa = PBXContainerItemProxy;
			containerPortal = BA6B61F62C80D22B001EB50E /* Project object */;
			proxyType = 1;
			remoteGlobalIDString = BA6B61FD2C80D22B001EB50E;
			remoteInfo = FirebaseBasics;
		};
		BA6B62192C80D22C001EB50E /* PBXContainerItemProxy */ = {
			isa = PBXContainerItemProxy;
			containerPortal = BA6B61F62C80D22B001EB50E /* Project object */;
			proxyType = 1;
			remoteGlobalIDString = BA6B61FD2C80D22B001EB50E;
			remoteInfo = FirebaseBasics;
		};
/* End PBXContainerItemProxy section */

/* Begin PBXFileReference section */
		BA6B61FE2C80D22B001EB50E /* FirebaseBasics.app */ = {isa = PBXFileReference; explicitFileType = wrapper.application; includeInIndex = 0; path = FirebaseBasics.app; sourceTree = BUILT_PRODUCTS_DIR; };
		BA6B62012C80D22B001EB50E /* FirebaseBasicsApp.swift */ = {isa = PBXFileReference; lastKnownFileType = sourcecode.swift; path = FirebaseBasicsApp.swift; sourceTree = "<group>"; };
		BA6B62032C80D22B001EB50E /* ContentView.swift */ = {isa = PBXFileReference; lastKnownFileType = sourcecode.swift; path = ContentView.swift; sourceTree = "<group>"; };
		BA6B62052C80D22C001EB50E /* Assets.xcassets */ = {isa = PBXFileReference; lastKnownFileType = folder.assetcatalog; path = Assets.xcassets; sourceTree = "<group>"; };
		BA6B62082C80D22C001EB50E /* Preview Assets.xcassets */ = {isa = PBXFileReference; lastKnownFileType = folder.assetcatalog; path = "Preview Assets.xcassets"; sourceTree = "<group>"; };
		BA6B620E2C80D22C001EB50E /* FirebaseBasicsTests.xctest */ = {isa = PBXFileReference; explicitFileType = wrapper.cfbundle; includeInIndex = 0; path = FirebaseBasicsTests.xctest; sourceTree = BUILT_PRODUCTS_DIR; };
		BA6B62122C80D22C001EB50E /* FirebaseBasicsTests.swift */ = {isa = PBXFileReference; lastKnownFileType = sourcecode.swift; path = FirebaseBasicsTests.swift; sourceTree = "<group>"; };
		BA6B62182C80D22C001EB50E /* FirebaseBasicsUITests.xctest */ = {isa = PBXFileReference; explicitFileType = wrapper.cfbundle; includeInIndex = 0; path = FirebaseBasicsUITests.xctest; sourceTree = BUILT_PRODUCTS_DIR; };
		BA6B621C2C80D22C001EB50E /* FirebaseBasicsUITests.swift */ = {isa = PBXFileReference; lastKnownFileType = sourcecode.swift; path = FirebaseBasicsUITests.swift; sourceTree = "<group>"; };
		BA6B621E2C80D22C001EB50E /* FirebaseBasicsUITestsLaunchTests.swift */ = {isa = PBXFileReference; lastKnownFileType = sourcecode.swift; path = FirebaseBasicsUITestsLaunchTests.swift; sourceTree = "<group>"; };
		BA6B622B2C80D4E1001EB50E /* GoogleService-Info.plist */ = {isa = PBXFileReference; fileEncoding = 4; lastKnownFileType = text.plist.xml; path = "GoogleService-Info.plist"; sourceTree = "<group>"; };
		BA6B623B2C80D5D1001EB50E /* FirestoreView.swift */ = {isa = PBXFileReference; lastKnownFileType = sourcecode.swift; path = FirestoreView.swift; sourceTree = "<group>"; };
		BA6B623D2C80D5E9001EB50E /* ExampleModel.swift */ = {isa = PBXFileReference; lastKnownFileType = sourcecode.swift; path = ExampleModel.swift; sourceTree = "<group>"; };
		BA6B623F2C80D5FA001EB50E /* FirestoreViewModel.swift */ = {isa = PBXFileReference; lastKnownFileType = sourcecode.swift; path = FirestoreViewModel.swift; sourceTree = "<group>"; };
		BA78F5B42C83A4BA001112F3 /* CollectionView.swift */ = {isa = PBXFileReference; lastKnownFileType = sourcecode.swift; path = CollectionView.swift; sourceTree = "<group>"; };
		BA78F5BA2C83C324001112F3 /* ScrollViewModifiers.swift */ = {isa = PBXFileReference; lastKnownFileType = sourcecode.swift; path = ScrollViewModifiers.swift; sourceTree = "<group>"; };
/* End PBXFileReference section */

/* Begin PBXFrameworksBuildPhase section */
		BA6B61FB2C80D22B001EB50E /* Frameworks */ = {
			isa = PBXFrameworksBuildPhase;
			buildActionMask = 2147483647;
			files = (
				BA6B62332C80D542001EB50E /* FirebaseCrashlytics in Frameworks */,
				BA6B622F2C80D542001EB50E /* FirebaseAnalytics in Frameworks */,
				BA6B62352C80D542001EB50E /* FirebaseDatabase in Frameworks */,
				BA6B62372C80D542001EB50E /* FirebaseFirestore in Frameworks */,
				BA6B62312C80D542001EB50E /* FirebaseAuth in Frameworks */,
				BA6B62392C80D542001EB50E /* FirebaseStorage in Frameworks */,
			);
			runOnlyForDeploymentPostprocessing = 0;
		};
		BA6B620B2C80D22C001EB50E /* Frameworks */ = {
			isa = PBXFrameworksBuildPhase;
			buildActionMask = 2147483647;
			files = (
			);
			runOnlyForDeploymentPostprocessing = 0;
		};
		BA6B62152C80D22C001EB50E /* Frameworks */ = {
			isa = PBXFrameworksBuildPhase;
			buildActionMask = 2147483647;
			files = (
			);
			runOnlyForDeploymentPostprocessing = 0;
		};
/* End PBXFrameworksBuildPhase section */

/* Begin PBXGroup section */
		BA6B61F52C80D22B001EB50E = {
			isa = PBXGroup;
			children = (
				BA6B622B2C80D4E1001EB50E /* GoogleService-Info.plist */,
				BA6B62002C80D22B001EB50E /* FirebaseBasics */,
				BA6B62112C80D22C001EB50E /* FirebaseBasicsTests */,
				BA6B621B2C80D22C001EB50E /* FirebaseBasicsUITests */,
				BA6B61FF2C80D22B001EB50E /* Products */,
			);
			sourceTree = "<group>";
		};
		BA6B61FF2C80D22B001EB50E /* Products */ = {
			isa = PBXGroup;
			children = (
				BA6B61FE2C80D22B001EB50E /* FirebaseBasics.app */,
				BA6B620E2C80D22C001EB50E /* FirebaseBasicsTests.xctest */,
				BA6B62182C80D22C001EB50E /* FirebaseBasicsUITests.xctest */,
			);
			name = Products;
			sourceTree = "<group>";
		};
		BA6B62002C80D22B001EB50E /* FirebaseBasics */ = {
			isa = PBXGroup;
			children = (
				BA78F5B92C83C311001112F3 /* ScrollViews */,
				BA78F5B82C83A4D7001112F3 /* Models */,
				BA78F5B72C83A4CC001112F3 /* ViewModels */,
				BA78F5B32C83A49C001112F3 /* CollectionsView */,
				BA6B623A2C80D5B5001EB50E /* FirestoreView */,
				BA6B62012C80D22B001EB50E /* FirebaseBasicsApp.swift */,
				BA6B62032C80D22B001EB50E /* ContentView.swift */,
				BA6B62052C80D22C001EB50E /* Assets.xcassets */,
				BA6B62072C80D22C001EB50E /* Preview Content */,
			);
			path = FirebaseBasics;
			sourceTree = "<group>";
		};
		BA6B62072C80D22C001EB50E /* Preview Content */ = {
			isa = PBXGroup;
			children = (
				BA6B62082C80D22C001EB50E /* Preview Assets.xcassets */,
			);
			path = "Preview Content";
			sourceTree = "<group>";
		};
		BA6B62112C80D22C001EB50E /* FirebaseBasicsTests */ = {
			isa = PBXGroup;
			children = (
				BA6B62122C80D22C001EB50E /* FirebaseBasicsTests.swift */,
			);
			path = FirebaseBasicsTests;
			sourceTree = "<group>";
		};
		BA6B621B2C80D22C001EB50E /* FirebaseBasicsUITests */ = {
			isa = PBXGroup;
			children = (
				BA6B621C2C80D22C001EB50E /* FirebaseBasicsUITests.swift */,
				BA6B621E2C80D22C001EB50E /* FirebaseBasicsUITestsLaunchTests.swift */,
			);
			path = FirebaseBasicsUITests;
			sourceTree = "<group>";
		};
		BA6B623A2C80D5B5001EB50E /* FirestoreView */ = {
			isa = PBXGroup;
			children = (
				BA6B623B2C80D5D1001EB50E /* FirestoreView.swift */,
			);
			name = FirestoreView;
			sourceTree = "<group>";
		};
		BA78F5B32C83A49C001112F3 /* CollectionsView */ = {
			isa = PBXGroup;
			children = (
				BA78F5B42C83A4BA001112F3 /* CollectionView.swift */,
			);
			name = CollectionsView;
			sourceTree = "<group>";
		};
		BA78F5B72C83A4CC001112F3 /* ViewModels */ = {
			isa = PBXGroup;
			children = (
				BA6B623F2C80D5FA001EB50E /* FirestoreViewModel.swift */,
			);
			name = ViewModels;
			sourceTree = "<group>";
		};
		BA78F5B82C83A4D7001112F3 /* Models */ = {
			isa = PBXGroup;
			children = (
				BA6B623D2C80D5E9001EB50E /* ExampleModel.swift */,
			);
			name = Models;
			sourceTree = "<group>";
		};
		BA78F5B92C83C311001112F3 /* ScrollViews */ = {
			isa = PBXGroup;
			children = (
				BA78F5BA2C83C324001112F3 /* ScrollViewModifiers.swift */,
			);
			path = ScrollViews;
			sourceTree = "<group>";
		};
/* End PBXGroup section */

/* Begin PBXNativeTarget section */
		BA6B61FD2C80D22B001EB50E /* FirebaseBasics */ = {
			isa = PBXNativeTarget;
			buildConfigurationList = BA6B62222C80D22C001EB50E /* Build configuration list for PBXNativeTarget "FirebaseBasics" */;
			buildPhases = (
				BA6B61FA2C80D22B001EB50E /* Sources */,
				BA6B61FB2C80D22B001EB50E /* Frameworks */,
				BA6B61FC2C80D22B001EB50E /* Resources */,
			);
			buildRules = (
			);
			dependencies = (
			);
			name = FirebaseBasics;
			packageProductDependencies = (
				BA6B622E2C80D542001EB50E /* FirebaseAnalytics */,
				BA6B62302C80D542001EB50E /* FirebaseAuth */,
				BA6B62322C80D542001EB50E /* FirebaseCrashlytics */,
				BA6B62342C80D542001EB50E /* FirebaseDatabase */,
				BA6B62362C80D542001EB50E /* FirebaseFirestore */,
				BA6B62382C80D542001EB50E /* FirebaseStorage */,
			);
			productName = FirebaseBasics;
			productReference = BA6B61FE2C80D22B001EB50E /* FirebaseBasics.app */;
			productType = "com.apple.product-type.application";
		};
		BA6B620D2C80D22C001EB50E /* FirebaseBasicsTests */ = {
			isa = PBXNativeTarget;
			buildConfigurationList = BA6B62252C80D22C001EB50E /* Build configuration list for PBXNativeTarget "FirebaseBasicsTests" */;
			buildPhases = (
				BA6B620A2C80D22C001EB50E /* Sources */,
				BA6B620B2C80D22C001EB50E /* Frameworks */,
				BA6B620C2C80D22C001EB50E /* Resources */,
			);
			buildRules = (
			);
			dependencies = (
				BA6B62102C80D22C001EB50E /* PBXTargetDependency */,
			);
			name = FirebaseBasicsTests;
			productName = FirebaseBasicsTests;
			productReference = BA6B620E2C80D22C001EB50E /* FirebaseBasicsTests.xctest */;
			productType = "com.apple.product-type.bundle.unit-test";
		};
		BA6B62172C80D22C001EB50E /* FirebaseBasicsUITests */ = {
			isa = PBXNativeTarget;
			buildConfigurationList = BA6B62282C80D22C001EB50E /* Build configuration list for PBXNativeTarget "FirebaseBasicsUITests" */;
			buildPhases = (
				BA6B62142C80D22C001EB50E /* Sources */,
				BA6B62152C80D22C001EB50E /* Frameworks */,
				BA6B62162C80D22C001EB50E /* Resources */,
			);
			buildRules = (
			);
			dependencies = (
				BA6B621A2C80D22C001EB50E /* PBXTargetDependency */,
			);
			name = FirebaseBasicsUITests;
			productName = FirebaseBasicsUITests;
			productReference = BA6B62182C80D22C001EB50E /* FirebaseBasicsUITests.xctest */;
			productType = "com.apple.product-type.bundle.ui-testing";
		};
/* End PBXNativeTarget section */

/* Begin PBXProject section */
		BA6B61F62C80D22B001EB50E /* Project object */ = {
			isa = PBXProject;
			attributes = {
				BuildIndependentTargetsInParallel = 1;
				LastSwiftUpdateCheck = 1540;
				LastUpgradeCheck = 1540;
				TargetAttributes = {
					BA6B61FD2C80D22B001EB50E = {
						CreatedOnToolsVersion = 15.4;
					};
					BA6B620D2C80D22C001EB50E = {
						CreatedOnToolsVersion = 15.4;
						TestTargetID = BA6B61FD2C80D22B001EB50E;
					};
					BA6B62172C80D22C001EB50E = {
						CreatedOnToolsVersion = 15.4;
						TestTargetID = BA6B61FD2C80D22B001EB50E;
					};
				};
			};
			buildConfigurationList = BA6B61F92C80D22B001EB50E /* Build configuration list for PBXProject "FirebaseBasics" */;
			compatibilityVersion = "Xcode 14.0";
			developmentRegion = en;
			hasScannedForEncodings = 0;
			knownRegions = (
				en,
				Base,
			);
			mainGroup = BA6B61F52C80D22B001EB50E;
			packageReferences = (
				BA6B622D2C80D542001EB50E /* XCRemoteSwiftPackageReference "firebase-ios-sdk" */,
			);
			productRefGroup = BA6B61FF2C80D22B001EB50E /* Products */;
			projectDirPath = "";
			projectRoot = "";
			targets = (
				BA6B61FD2C80D22B001EB50E /* FirebaseBasics */,
				BA6B620D2C80D22C001EB50E /* FirebaseBasicsTests */,
				BA6B62172C80D22C001EB50E /* FirebaseBasicsUITests */,
			);
		};
/* End PBXProject section */

/* Begin PBXResourcesBuildPhase section */
		BA6B61FC2C80D22B001EB50E /* Resources */ = {
			isa = PBXResourcesBuildPhase;
			buildActionMask = 2147483647;
			files = (
				BA6B62092C80D22C001EB50E /* Preview Assets.xcassets in Resources */,
				BA6B622C2C80D4E1001EB50E /* GoogleService-Info.plist in Resources */,
				BA6B62062C80D22C001EB50E /* Assets.xcassets in Resources */,
			);
			runOnlyForDeploymentPostprocessing = 0;
		};
		BA6B620C2C80D22C001EB50E /* Resources */ = {
			isa = PBXResourcesBuildPhase;
			buildActionMask = 2147483647;
			files = (
			);
			runOnlyForDeploymentPostprocessing = 0;
		};
		BA6B62162C80D22C001EB50E /* Resources */ = {
			isa = PBXResourcesBuildPhase;
			buildActionMask = 2147483647;
			files = (
			);
			runOnlyForDeploymentPostprocessing = 0;
		};
/* End PBXResourcesBuildPhase section */

/* Begin PBXSourcesBuildPhase section */
		BA6B61FA2C80D22B001EB50E /* Sources */ = {
			isa = PBXSourcesBuildPhase;
			buildActionMask = 2147483647;
			files = (
				BA78F5BB2C83C324001112F3 /* ScrollViewModifiers.swift in Sources */,
				BA78F5B52C83A4BA001112F3 /* CollectionView.swift in Sources */,
				BA6B62042C80D22B001EB50E /* ContentView.swift in Sources */,
				BA6B62022C80D22B001EB50E /* FirebaseBasicsApp.swift in Sources */,
				BA6B62402C80D5FA001EB50E /* FirestoreViewModel.swift in Sources */,
				BA6B623E2C80D5E9001EB50E /* ExampleModel.swift in Sources */,
				BA6B623C2C80D5D1001EB50E /* FirestoreView.swift in Sources */,
			);
			runOnlyForDeploymentPostprocessing = 0;
		};
		BA6B620A2C80D22C001EB50E /* Sources */ = {
			isa = PBXSourcesBuildPhase;
			buildActionMask = 2147483647;
			files = (
				BA6B62132C80D22C001EB50E /* FirebaseBasicsTests.swift in Sources */,
			);
			runOnlyForDeploymentPostprocessing = 0;
		};
		BA6B62142C80D22C001EB50E /* Sources */ = {
			isa = PBXSourcesBuildPhase;
			buildActionMask = 2147483647;
			files = (
				BA6B621F2C80D22C001EB50E /* FirebaseBasicsUITestsLaunchTests.swift in Sources */,
				BA6B621D2C80D22C001EB50E /* FirebaseBasicsUITests.swift in Sources */,
			);
			runOnlyForDeploymentPostprocessing = 0;
		};
/* End PBXSourcesBuildPhase section */

/* Begin PBXTargetDependency section */
		BA6B62102C80D22C001EB50E /* PBXTargetDependency */ = {
			isa = PBXTargetDependency;
			target = BA6B61FD2C80D22B001EB50E /* FirebaseBasics */;
			targetProxy = BA6B620F2C80D22C001EB50E /* PBXContainerItemProxy */;
		};
		BA6B621A2C80D22C001EB50E /* PBXTargetDependency */ = {
			isa = PBXTargetDependency;
			target = BA6B61FD2C80D22B001EB50E /* FirebaseBasics */;
			targetProxy = BA6B62192C80D22C001EB50E /* PBXContainerItemProxy */;
		};
/* End PBXTargetDependency section */

/* Begin XCBuildConfiguration section */
		BA6B62202C80D22C001EB50E /* Debug */ = {
			isa = XCBuildConfiguration;
			buildSettings = {
				ALWAYS_SEARCH_USER_PATHS = NO;
				ASSETCATALOG_COMPILER_GENERATE_SWIFT_ASSET_SYMBOL_EXTENSIONS = YES;
				CLANG_ANALYZER_NONNULL = YES;
				CLANG_ANALYZER_NUMBER_OBJECT_CONVERSION = YES_AGGRESSIVE;
				CLANG_CXX_LANGUAGE_STANDARD = "gnu++20";
				CLANG_ENABLE_MODULES = YES;
				CLANG_ENABLE_OBJC_ARC = YES;
				CLANG_ENABLE_OBJC_WEAK = YES;
				CLANG_WARN_BLOCK_CAPTURE_AUTORELEASING = YES;
				CLANG_WARN_BOOL_CONVERSION = YES;
				CLANG_WARN_COMMA = YES;
				CLANG_WARN_CONSTANT_CONVERSION = YES;
				CLANG_WARN_DEPRECATED_OBJC_IMPLEMENTATIONS = YES;
				CLANG_WARN_DIRECT_OBJC_ISA_USAGE = YES_ERROR;
				CLANG_WARN_DOCUMENTATION_COMMENTS = YES;
				CLANG_WARN_EMPTY_BODY = YES;
				CLANG_WARN_ENUM_CONVERSION = YES;
				CLANG_WARN_INFINITE_RECURSION = YES;
				CLANG_WARN_INT_CONVERSION = YES;
				CLANG_WARN_NON_LITERAL_NULL_CONVERSION = YES;
				CLANG_WARN_OBJC_IMPLICIT_RETAIN_SELF = YES;
				CLANG_WARN_OBJC_LITERAL_CONVERSION = YES;
				CLANG_WARN_OBJC_ROOT_CLASS = YES_ERROR;
				CLANG_WARN_QUOTED_INCLUDE_IN_FRAMEWORK_HEADER = YES;
				CLANG_WARN_RANGE_LOOP_ANALYSIS = YES;
				CLANG_WARN_STRICT_PROTOTYPES = YES;
				CLANG_WARN_SUSPICIOUS_MOVE = YES;
				CLANG_WARN_UNGUARDED_AVAILABILITY = YES_AGGRESSIVE;
				CLANG_WARN_UNREACHABLE_CODE = YES;
				CLANG_WARN__DUPLICATE_METHOD_MATCH = YES;
				COPY_PHASE_STRIP = NO;
				DEBUG_INFORMATION_FORMAT = dwarf;
				ENABLE_STRICT_OBJC_MSGSEND = YES;
				ENABLE_TESTABILITY = YES;
				ENABLE_USER_SCRIPT_SANDBOXING = YES;
				GCC_C_LANGUAGE_STANDARD = gnu17;
				GCC_DYNAMIC_NO_PIC = NO;
				GCC_NO_COMMON_BLOCKS = YES;
				GCC_OPTIMIZATION_LEVEL = 0;
				GCC_PREPROCESSOR_DEFINITIONS = (
					"DEBUG=1",
					"$(inherited)",
				);
				GCC_WARN_64_TO_32_BIT_CONVERSION = YES;
				GCC_WARN_ABOUT_RETURN_TYPE = YES_ERROR;
				GCC_WARN_UNDECLARED_SELECTOR = YES;
				GCC_WARN_UNINITIALIZED_AUTOS = YES_AGGRESSIVE;
				GCC_WARN_UNUSED_FUNCTION = YES;
				GCC_WARN_UNUSED_VARIABLE = YES;
				IPHONEOS_DEPLOYMENT_TARGET = 17.5;
				LOCALIZATION_PREFERS_STRING_CATALOGS = YES;
				MTL_ENABLE_DEBUG_INFO = INCLUDE_SOURCE;
				MTL_FAST_MATH = YES;
				ONLY_ACTIVE_ARCH = YES;
				SDKROOT = iphoneos;
				SWIFT_ACTIVE_COMPILATION_CONDITIONS = "DEBUG $(inherited)";
				SWIFT_OPTIMIZATION_LEVEL = "-Onone";
			};
			name = Debug;
		};
		BA6B62212C80D22C001EB50E /* Release */ = {
			isa = XCBuildConfiguration;
			buildSettings = {
				ALWAYS_SEARCH_USER_PATHS = NO;
				ASSETCATALOG_COMPILER_GENERATE_SWIFT_ASSET_SYMBOL_EXTENSIONS = YES;
				CLANG_ANALYZER_NONNULL = YES;
				CLANG_ANALYZER_NUMBER_OBJECT_CONVERSION = YES_AGGRESSIVE;
				CLANG_CXX_LANGUAGE_STANDARD = "gnu++20";
				CLANG_ENABLE_MODULES = YES;
				CLANG_ENABLE_OBJC_ARC = YES;
				CLANG_ENABLE_OBJC_WEAK = YES;
				CLANG_WARN_BLOCK_CAPTURE_AUTORELEASING = YES;
				CLANG_WARN_BOOL_CONVERSION = YES;
				CLANG_WARN_COMMA = YES;
				CLANG_WARN_CONSTANT_CONVERSION = YES;
				CLANG_WARN_DEPRECATED_OBJC_IMPLEMENTATIONS = YES;
				CLANG_WARN_DIRECT_OBJC_ISA_USAGE = YES_ERROR;
				CLANG_WARN_DOCUMENTATION_COMMENTS = YES;
				CLANG_WARN_EMPTY_BODY = YES;
				CLANG_WARN_ENUM_CONVERSION = YES;
				CLANG_WARN_INFINITE_RECURSION = YES;
				CLANG_WARN_INT_CONVERSION = YES;
				CLANG_WARN_NON_LITERAL_NULL_CONVERSION = YES;
				CLANG_WARN_OBJC_IMPLICIT_RETAIN_SELF = YES;
				CLANG_WARN_OBJC_LITERAL_CONVERSION = YES;
				CLANG_WARN_OBJC_ROOT_CLASS = YES_ERROR;
				CLANG_WARN_QUOTED_INCLUDE_IN_FRAMEWORK_HEADER = YES;
				CLANG_WARN_RANGE_LOOP_ANALYSIS = YES;
				CLANG_WARN_STRICT_PROTOTYPES = YES;
				CLANG_WARN_SUSPICIOUS_MOVE = YES;
				CLANG_WARN_UNGUARDED_AVAILABILITY = YES_AGGRESSIVE;
				CLANG_WARN_UNREACHABLE_CODE = YES;
				CLANG_WARN__DUPLICATE_METHOD_MATCH = YES;
				COPY_PHASE_STRIP = NO;
				DEBUG_INFORMATION_FORMAT = "dwarf-with-dsym";
				ENABLE_NS_ASSERTIONS = NO;
				ENABLE_STRICT_OBJC_MSGSEND = YES;
				ENABLE_USER_SCRIPT_SANDBOXING = YES;
				GCC_C_LANGUAGE_STANDARD = gnu17;
				GCC_NO_COMMON_BLOCKS = YES;
				GCC_WARN_64_TO_32_BIT_CONVERSION = YES;
				GCC_WARN_ABOUT_RETURN_TYPE = YES_ERROR;
				GCC_WARN_UNDECLARED_SELECTOR = YES;
				GCC_WARN_UNINITIALIZED_AUTOS = YES_AGGRESSIVE;
				GCC_WARN_UNUSED_FUNCTION = YES;
				GCC_WARN_UNUSED_VARIABLE = YES;
				IPHONEOS_DEPLOYMENT_TARGET = 17.5;
				LOCALIZATION_PREFERS_STRING_CATALOGS = YES;
				MTL_ENABLE_DEBUG_INFO = NO;
				MTL_FAST_MATH = YES;
				SDKROOT = iphoneos;
				SWIFT_COMPILATION_MODE = wholemodule;
				VALIDATE_PRODUCT = YES;
			};
			name = Release;
		};
		BA6B62232C80D22C001EB50E /* Debug */ = {
			isa = XCBuildConfiguration;
			buildSettings = {
				ASSETCATALOG_COMPILER_APPICON_NAME = AppIcon;
				ASSETCATALOG_COMPILER_GLOBAL_ACCENT_COLOR_NAME = AccentColor;
				CODE_SIGN_STYLE = Automatic;
				CURRENT_PROJECT_VERSION = 1;
				DEVELOPMENT_ASSET_PATHS = "\"FirebaseBasics/Preview Content\"";
				DEVELOPMENT_TEAM = XGXH98SCV7;
				ENABLE_PREVIEWS = YES;
				GENERATE_INFOPLIST_FILE = YES;
				INFOPLIST_KEY_UIApplicationSceneManifest_Generation = YES;
				INFOPLIST_KEY_UIApplicationSupportsIndirectInputEvents = YES;
				INFOPLIST_KEY_UILaunchScreen_Generation = YES;
				INFOPLIST_KEY_UISupportedInterfaceOrientations_iPad = "UIInterfaceOrientationPortrait UIInterfaceOrientationPortraitUpsideDown UIInterfaceOrientationLandscapeLeft UIInterfaceOrientationLandscapeRight";
				INFOPLIST_KEY_UISupportedInterfaceOrientations_iPhone = "UIInterfaceOrientationPortrait UIInterfaceOrientationLandscapeLeft UIInterfaceOrientationLandscapeRight";
				LD_RUNPATH_SEARCH_PATHS = (
					"$(inherited)",
					"@executable_path/Frameworks",
				);
				MARKETING_VERSION = 1.0;
				PRODUCT_BUNDLE_IDENTIFIER = FirebaseBasic.FirebaseBasics;
				PRODUCT_NAME = "$(TARGET_NAME)";
				SWIFT_EMIT_LOC_STRINGS = YES;
				SWIFT_VERSION = 5.0;
				TARGETED_DEVICE_FAMILY = "1,2";
			};
			name = Debug;
		};
		BA6B62242C80D22C001EB50E /* Release */ = {
			isa = XCBuildConfiguration;
			buildSettings = {
				ASSETCATALOG_COMPILER_APPICON_NAME = AppIcon;
				ASSETCATALOG_COMPILER_GLOBAL_ACCENT_COLOR_NAME = AccentColor;
				CODE_SIGN_STYLE = Automatic;
				CURRENT_PROJECT_VERSION = 1;
				DEVELOPMENT_ASSET_PATHS = "\"FirebaseBasics/Preview Content\"";
				DEVELOPMENT_TEAM = XGXH98SCV7;
				ENABLE_PREVIEWS = YES;
				GENERATE_INFOPLIST_FILE = YES;
				INFOPLIST_KEY_UIApplicationSceneManifest_Generation = YES;
				INFOPLIST_KEY_UIApplicationSupportsIndirectInputEvents = YES;
				INFOPLIST_KEY_UILaunchScreen_Generation = YES;
				INFOPLIST_KEY_UISupportedInterfaceOrientations_iPad = "UIInterfaceOrientationPortrait UIInterfaceOrientationPortraitUpsideDown UIInterfaceOrientationLandscapeLeft UIInterfaceOrientationLandscapeRight";
				INFOPLIST_KEY_UISupportedInterfaceOrientations_iPhone = "UIInterfaceOrientationPortrait UIInterfaceOrientationLandscapeLeft UIInterfaceOrientationLandscapeRight";
				LD_RUNPATH_SEARCH_PATHS = (
					"$(inherited)",
					"@executable_path/Frameworks",
				);
				MARKETING_VERSION = 1.0;
				PRODUCT_BUNDLE_IDENTIFIER = FirebaseBasic.FirebaseBasics;
				PRODUCT_NAME = "$(TARGET_NAME)";
				SWIFT_EMIT_LOC_STRINGS = YES;
				SWIFT_VERSION = 5.0;
				TARGETED_DEVICE_FAMILY = "1,2";
			};
			name = Release;
		};
		BA6B62262C80D22C001EB50E /* Debug */ = {
			isa = XCBuildConfiguration;
			buildSettings = {
				ALWAYS_EMBED_SWIFT_STANDARD_LIBRARIES = YES;
				BUNDLE_LOADER = "$(TEST_HOST)";
				CODE_SIGN_STYLE = Automatic;
				CURRENT_PROJECT_VERSION = 1;
				DEVELOPMENT_TEAM = XGXH98SCV7;
				GENERATE_INFOPLIST_FILE = YES;
				IPHONEOS_DEPLOYMENT_TARGET = 17.5;
				MARKETING_VERSION = 1.0;
				PRODUCT_BUNDLE_IDENTIFIER = FirebaseBasic.FirebaseBasicsTests;
				PRODUCT_NAME = "$(TARGET_NAME)";
				SWIFT_EMIT_LOC_STRINGS = NO;
				SWIFT_VERSION = 5.0;
				TARGETED_DEVICE_FAMILY = "1,2";
				TEST_HOST = "$(BUILT_PRODUCTS_DIR)/FirebaseBasics.app/$(BUNDLE_EXECUTABLE_FOLDER_PATH)/FirebaseBasics";
			};
			name = Debug;
		};
		BA6B62272C80D22C001EB50E /* Release */ = {
			isa = XCBuildConfiguration;
			buildSettings = {
				ALWAYS_EMBED_SWIFT_STANDARD_LIBRARIES = YES;
				BUNDLE_LOADER = "$(TEST_HOST)";
				CODE_SIGN_STYLE = Automatic;
				CURRENT_PROJECT_VERSION = 1;
				DEVELOPMENT_TEAM = XGXH98SCV7;
				GENERATE_INFOPLIST_FILE = YES;
				IPHONEOS_DEPLOYMENT_TARGET = 17.5;
				MARKETING_VERSION = 1.0;
				PRODUCT_BUNDLE_IDENTIFIER = FirebaseBasic.FirebaseBasicsTests;
				PRODUCT_NAME = "$(TARGET_NAME)";
				SWIFT_EMIT_LOC_STRINGS = NO;
				SWIFT_VERSION = 5.0;
				TARGETED_DEVICE_FAMILY = "1,2";
				TEST_HOST = "$(BUILT_PRODUCTS_DIR)/FirebaseBasics.app/$(BUNDLE_EXECUTABLE_FOLDER_PATH)/FirebaseBasics";
			};
			name = Release;
		};
		BA6B62292C80D22C001EB50E /* Debug */ = {
			isa = XCBuildConfiguration;
			buildSettings = {
				ALWAYS_EMBED_SWIFT_STANDARD_LIBRARIES = YES;
				CODE_SIGN_STYLE = Automatic;
				CURRENT_PROJECT_VERSION = 1;
				DEVELOPMENT_TEAM = XGXH98SCV7;
				GENERATE_INFOPLIST_FILE = YES;
				MARKETING_VERSION = 1.0;
				PRODUCT_BUNDLE_IDENTIFIER = FirebaseBasic.FirebaseBasicsUITests;
				PRODUCT_NAME = "$(TARGET_NAME)";
				SWIFT_EMIT_LOC_STRINGS = NO;
				SWIFT_VERSION = 5.0;
				TARGETED_DEVICE_FAMILY = "1,2";
				TEST_TARGET_NAME = FirebaseBasics;
			};
			name = Debug;
		};
		BA6B622A2C80D22C001EB50E /* Release */ = {
			isa = XCBuildConfiguration;
			buildSettings = {
				ALWAYS_EMBED_SWIFT_STANDARD_LIBRARIES = YES;
				CODE_SIGN_STYLE = Automatic;
				CURRENT_PROJECT_VERSION = 1;
				DEVELOPMENT_TEAM = XGXH98SCV7;
				GENERATE_INFOPLIST_FILE = YES;
				MARKETING_VERSION = 1.0;
				PRODUCT_BUNDLE_IDENTIFIER = FirebaseBasic.FirebaseBasicsUITests;
				PRODUCT_NAME = "$(TARGET_NAME)";
				SWIFT_EMIT_LOC_STRINGS = NO;
				SWIFT_VERSION = 5.0;
				TARGETED_DEVICE_FAMILY = "1,2";
				TEST_TARGET_NAME = FirebaseBasics;
			};
			name = Release;
		};
/* End XCBuildConfiguration section */

/* Begin XCConfigurationList section */
		BA6B61F92C80D22B001EB50E /* Build configuration list for PBXProject "FirebaseBasics" */ = {
			isa = XCConfigurationList;
			buildConfigurations = (
				BA6B62202C80D22C001EB50E /* Debug */,
				BA6B62212C80D22C001EB50E /* Release */,
			);
			defaultConfigurationIsVisible = 0;
			defaultConfigurationName = Release;
		};
		BA6B62222C80D22C001EB50E /* Build configuration list for PBXNativeTarget "FirebaseBasics" */ = {
			isa = XCConfigurationList;
			buildConfigurations = (
				BA6B62232C80D22C001EB50E /* Debug */,
				BA6B62242C80D22C001EB50E /* Release */,
			);
			defaultConfigurationIsVisible = 0;
			defaultConfigurationName = Release;
		};
		BA6B62252C80D22C001EB50E /* Build configuration list for PBXNativeTarget "FirebaseBasicsTests" */ = {
			isa = XCConfigurationList;
			buildConfigurations = (
				BA6B62262C80D22C001EB50E /* Debug */,
				BA6B62272C80D22C001EB50E /* Release */,
			);
			defaultConfigurationIsVisible = 0;
			defaultConfigurationName = Release;
		};
		BA6B62282C80D22C001EB50E /* Build configuration list for PBXNativeTarget "FirebaseBasicsUITests" */ = {
			isa = XCConfigurationList;
			buildConfigurations = (
				BA6B62292C80D22C001EB50E /* Debug */,
				BA6B622A2C80D22C001EB50E /* Release */,
			);
			defaultConfigurationIsVisible = 0;
			defaultConfigurationName = Release;
		};
/* End XCConfigurationList section */

/* Begin XCRemoteSwiftPackageReference section */
		BA6B622D2C80D542001EB50E /* XCRemoteSwiftPackageReference "firebase-ios-sdk" */ = {
			isa = XCRemoteSwiftPackageReference;
			repositoryURL = "https://github.com/firebase/firebase-ios-sdk";
			requirement = {
				kind = upToNextMajorVersion;
				minimumVersion = 11.1.0;
			};
		};
/* End XCRemoteSwiftPackageReference section */

/* Begin XCSwiftPackageProductDependency section */
		BA6B622E2C80D542001EB50E /* FirebaseAnalytics */ = {
			isa = XCSwiftPackageProductDependency;
			package = BA6B622D2C80D542001EB50E /* XCRemoteSwiftPackageReference "firebase-ios-sdk" */;
			productName = FirebaseAnalytics;
		};
		BA6B62302C80D542001EB50E /* FirebaseAuth */ = {
			isa = XCSwiftPackageProductDependency;
			package = BA6B622D2C80D542001EB50E /* XCRemoteSwiftPackageReference "firebase-ios-sdk" */;
			productName = FirebaseAuth;
		};
		BA6B62322C80D542001EB50E /* FirebaseCrashlytics */ = {
			isa = XCSwiftPackageProductDependency;
			package = BA6B622D2C80D542001EB50E /* XCRemoteSwiftPackageReference "firebase-ios-sdk" */;
			productName = FirebaseCrashlytics;
		};
		BA6B62342C80D542001EB50E /* FirebaseDatabase */ = {
			isa = XCSwiftPackageProductDependency;
			package = BA6B622D2C80D542001EB50E /* XCRemoteSwiftPackageReference "firebase-ios-sdk" */;
			productName = FirebaseDatabase;
		};
		BA6B62362C80D542001EB50E /* FirebaseFirestore */ = {
			isa = XCSwiftPackageProductDependency;
			package = BA6B622D2C80D542001EB50E /* XCRemoteSwiftPackageReference "firebase-ios-sdk" */;
			productName = FirebaseFirestore;
		};
		BA6B62382C80D542001EB50E /* FirebaseStorage */ = {
			isa = XCSwiftPackageProductDependency;
			package = BA6B622D2C80D542001EB50E /* XCRemoteSwiftPackageReference "firebase-ios-sdk" */;
			productName = FirebaseStorage;
		};
/* End XCSwiftPackageProductDependency section */
	};
	rootObject = BA6B61F62C80D22B001EB50E /* Project object */;
}
